
Microsoft Visual Studio Solution File, Format Version 12.00
# Visual Studio Version 17
VisualStudioVersion = 17.7.34031.279
MinimumVisualStudioVersion = 10.0.40219.1
Project("{2150E333-8FDC-42A3-9474-1A3956D46DE8}") = "Solution Items", "Solution Items", "{9B43ED05-8802-4368-AB94-D3DB5CC87B23}"
	ProjectSection(SolutionItems) = preProject
		.gitignore = .gitignore
		configuraciones.json = configuraciones.json
		docker-compose-base-datos.yml = docker-compose-base-datos.yml
		docker-compose-gateway.yml = docker-compose-gateway.yml
		docker-compose-servicios.yml = docker-compose-servicios.yml
		kong.yml = kong.yml
		Readme.md = Readme.md
	EndProjectSection
EndProject
Project("{9A19103F-16F7-4668-BE54-9A1E7A4F7556}") = "Seguridad", "Seguridad\Seguridad.csproj", "{D9D92E95-16D2-44E0-8178-108EE6AC5A71}"
EndProject
Project("{9A19103F-16F7-4668-BE54-9A1E7A4F7556}") = "Factura", "Factura\Factura.csproj", "{32FCFA4A-E684-4A5A-9E99-3AA7FD4CD0F4}"
EndProject
Project("{9A19103F-16F7-4668-BE54-9A1E7A4F7556}") = "Pago", "Pago\Pago.csproj", "{FD5CA80F-EEC8-4BBE-99AD-E32C96EB89CA}"
EndProject
Project("{9A19103F-16F7-4668-BE54-9A1E7A4F7556}") = "Transaccion", "Transaccion\Transaccion.csproj", "{C45A1B27-E25A-4A81-B7BD-24F58F4B9060}"
EndProject
Global
	GlobalSection(SolutionConfigurationPlatforms) = preSolution
		Debug|Any CPU = Debug|Any CPU
		Release|Any CPU = Release|Any CPU
	EndGlobalSection
	GlobalSection(ProjectConfigurationPlatforms) = postSolution
		{D9D92E95-16D2-44E0-8178-108EE6AC5A71}.Debug|Any CPU.ActiveCfg = Debug|Any CPU
		{D9D92E95-16D2-44E0-8178-108EE6AC5A71}.Debug|Any CPU.Build.0 = Debug|Any CPU
		{D9D92E95-16D2-44E0-8178-108EE6AC5A71}.Release|Any CPU.ActiveCfg = Release|Any CPU
		{D9D92E95-16D2-44E0-8178-108EE6AC5A71}.Release|Any CPU.Build.0 = Release|Any CPU
		{32FCFA4A-E684-4A5A-9E99-3AA7FD4CD0F4}.Debug|Any CPU.ActiveCfg = Debug|Any CPU
		{32FCFA4A-E684-4A5A-9E99-3AA7FD4CD0F4}.Debug|Any CPU.Build.0 = Debug|Any CPU
		{32FCFA4A-E684-4A5A-9E99-3AA7FD4CD0F4}.Release|Any CPU.ActiveCfg = Release|Any CPU
		{32FCFA4A-E684-4A5A-9E99-3AA7FD4CD0F4}.Release|Any CPU.Build.0 = Release|Any CPU
		{FD5CA80F-EEC8-4BBE-99AD-E32C96EB89CA}.Debug|Any CPU.ActiveCfg = Debug|Any CPU
		{FD5CA80F-EEC8-4BBE-99AD-E32C96EB89CA}.Debug|Any CPU.Build.0 = Debug|Any CPU
		{FD5CA80F-EEC8-4BBE-99AD-E32C96EB89CA}.Release|Any CPU.ActiveCfg = Release|Any CPU
		{FD5CA80F-EEC8-4BBE-99AD-E32C96EB89CA}.Release|Any CPU.Build.0 = Release|Any CPU
		{C45A1B27-E25A-4A81-B7BD-24F58F4B9060}.Debug|Any CPU.ActiveCfg = Debug|Any CPU
		{C45A1B27-E25A-4A81-B7BD-24F58F4B9060}.Debug|Any CPU.Build.0 = Debug|Any CPU
		{C45A1B27-E25A-4A81-B7BD-24F58F4B9060}.Release|Any CPU.ActiveCfg = Release|Any CPU
		{C45A1B27-E25A-4A81-B7BD-24F58F4B9060}.Release|Any CPU.Build.0 = Release|Any CPU
	EndGlobalSection
	GlobalSection(SolutionProperties) = preSolution
		HideSolutionNode = FALSE
	EndGlobalSection
	GlobalSection(ExtensibilityGlobals) = postSolution
		SolutionGuid = {ED8EC069-273A-4BF5-97EA-0A8D00AACCC8}
	EndGlobalSection
EndGlobal
